
Microsoft Visual Studio Solution File, Format Version 12.00
# Visual Studio Version 17
VisualStudioVersion = 17.0.32014.148
MinimumVisualStudioVersion = 10.0.40219.1
Project("{9A19103F-16F7-4668-BE54-9A1E7A4F7556}") = "Server.KF2", "Server.KF2\Server.KF2.csproj", "{9DB7ACE1-3CF7-4615-A23C-32C47EEE6E81}"
EndProject
Project("{9A19103F-16F7-4668-BE54-9A1E7A4F7556}") = "Multi", "Multi\Multi.csproj", "{CE546461-B264-4762-8485-A5EB948362F4}"
EndProject
Project("{9A19103F-16F7-4668-BE54-9A1E7A4F7556}") = "MVP", "MVP\MVP.csproj", "{C1DF43CB-903F-4896-9980-CD31CDC88BC5}"
EndProject
Project("{2150E333-8FDC-42A3-9474-1A3956D46DE8}") = "Solution Items", "Solution Items", "{5F4FF00E-85E0-47AE-A14E-4BCF32CB68A2}"
	ProjectSection(SolutionItems) = preProject
		.gitattributes = .gitattributes
		.gitignore = .gitignore
	EndProjectSection
EndProject
Global
	GlobalSection(SolutionConfigurationPlatforms) = preSolution
		Debug|Any CPU = Debug|Any CPU
		Release|Any CPU = Release|Any CPU
	EndGlobalSection
	GlobalSection(ProjectConfigurationPlatforms) = postSolution
		{9DB7ACE1-3CF7-4615-A23C-32C47EEE6E81}.Debug|Any CPU.ActiveCfg = Debug|Any CPU
		{9DB7ACE1-3CF7-4615-A23C-32C47EEE6E81}.Debug|Any CPU.Build.0 = Debug|Any CPU
		{9DB7ACE1-3CF7-4615-A23C-32C47EEE6E81}.Release|Any CPU.ActiveCfg = Release|Any CPU
		{9DB7ACE1-3CF7-4615-A23C-32C47EEE6E81}.Release|Any CPU.Build.0 = Release|Any CPU
		{CE546461-B264-4762-8485-A5EB948362F4}.Debug|Any CPU.ActiveCfg = Debug|Any CPU
		{CE546461-B264-4762-8485-A5EB948362F4}.Debug|Any CPU.Build.0 = Debug|Any CPU
		{CE546461-B264-4762-8485-A5EB948362F4}.Release|Any CPU.ActiveCfg = Release|Any CPU
		{CE546461-B264-4762-8485-A5EB948362F4}.Release|Any CPU.Build.0 = Release|Any CPU
		{C1DF43CB-903F-4896-9980-CD31CDC88BC5}.Debug|Any CPU.ActiveCfg = Debug|Any CPU
		{C1DF43CB-903F-4896-9980-CD31CDC88BC5}.Debug|Any CPU.Build.0 = Debug|Any CPU
		{C1DF43CB-903F-4896-9980-CD31CDC88BC5}.Release|Any CPU.ActiveCfg = Release|Any CPU
		{C1DF43CB-903F-4896-9980-CD31CDC88BC5}.Release|Any CPU.Build.0 = Release|Any CPU
	EndGlobalSection
	GlobalSection(SolutionProperties) = preSolution
		HideSolutionNode = FALSE
	EndGlobalSection
	GlobalSection(ExtensibilityGlobals) = postSolution
		SolutionGuid = {C86F84C0-840D-40E9-BFE4-318CB2DB8183}
	EndGlobalSection
EndGlobal
